
Microsoft Visual Studio Solution File, Format Version 12.00
# Visual Studio 15
Project("{FAE04EC0-301F-11D3-BF4B-00C04F79EFBC}") = "Card_Adventure", "Card_Adventure.csproj", "{673AAA76-3D31-5FD3-46DA-2D402E580451}"
EndProject
Global
	GlobalSection(SolutionConfigurationPlatforms) = preSolution
		Debug|Any CPU = Debug|Any CPU
		Release|Any CPU = Release|Any CPU
	EndGlobalSection
	GlobalSection(ProjectConfigurationPlatforms) = postSolution
		{673AAA76-3D31-5FD3-46DA-2D402E580451}.Debug|Any CPU.ActiveCfg = Debug|Any CPU
		{673AAA76-3D31-5FD3-46DA-2D402E580451}.Debug|Any CPU.Build.0 = Debug|Any CPU
		{673AAA76-3D31-5FD3-46DA-2D402E580451}.Release|Any CPU.ActiveCfg = Release|Any CPU
		{673AAA76-3D31-5FD3-46DA-2D402E580451}.Release|Any CPU.Build.0 = Release|Any CPU
	EndGlobalSection
	GlobalSection(SolutionProperties) = preSolution
		HideSolutionNode = FALSE
	EndGlobalSection
EndGlobal
